
Microsoft Visual Studio Solution File, Format Version 12.00
# Visual Studio 15
VisualStudioVersion = 15.0.27703.2042
MinimumVisualStudioVersion = 10.0.40219.1
Project("{FAE04EC0-301F-11D3-BF4B-00C04F79EFBC}") = "MyShop.Persistor", "MyShop.Persistor\MyShop.Persistor.csproj", "{E8B70D79-4BAF-4C28-BD79-49EC04476FF2}"
EndProject
Project("{FAE04EC0-301F-11D3-BF4B-00C04F79EFBC}") = "MyShop.Domain", "MyShop.Domain\MyShop.Domain.csproj", "{BCFDA2B3-983E-4D5C-AF30-E26F3C9D61C9}"
EndProject
Project("{FAE04EC0-301F-11D3-BF4B-00C04F79EFBC}") = "MyStore.ConsoleApplication", "MyStore.ConsoleApplication\MyStore.ConsoleApplication.csproj", "{42F7901B-598D-4D92-9ACC-162AD9C9EF98}"
EndProject
Global
	GlobalSection(SolutionConfigurationPlatforms) = preSolution
		Debug|Any CPU = Debug|Any CPU
		Release|Any CPU = Release|Any CPU
	EndGlobalSection
	GlobalSection(ProjectConfigurationPlatforms) = postSolution
		{E8B70D79-4BAF-4C28-BD79-49EC04476FF2}.Debug|Any CPU.ActiveCfg = Debug|Any CPU
		{E8B70D79-4BAF-4C28-BD79-49EC04476FF2}.Debug|Any CPU.Build.0 = Debug|Any CPU
		{E8B70D79-4BAF-4C28-BD79-49EC04476FF2}.Release|Any CPU.ActiveCfg = Release|Any CPU
		{E8B70D79-4BAF-4C28-BD79-49EC04476FF2}.Release|Any CPU.Build.0 = Release|Any CPU
		{BCFDA2B3-983E-4D5C-AF30-E26F3C9D61C9}.Debug|Any CPU.ActiveCfg = Debug|Any CPU
		{BCFDA2B3-983E-4D5C-AF30-E26F3C9D61C9}.Debug|Any CPU.Build.0 = Debug|Any CPU
		{BCFDA2B3-983E-4D5C-AF30-E26F3C9D61C9}.Release|Any CPU.ActiveCfg = Release|Any CPU
		{BCFDA2B3-983E-4D5C-AF30-E26F3C9D61C9}.Release|Any CPU.Build.0 = Release|Any CPU
		{42F7901B-598D-4D92-9ACC-162AD9C9EF98}.Debug|Any CPU.ActiveCfg = Debug|Any CPU
		{42F7901B-598D-4D92-9ACC-162AD9C9EF98}.Debug|Any CPU.Build.0 = Debug|Any CPU
		{42F7901B-598D-4D92-9ACC-162AD9C9EF98}.Release|Any CPU.ActiveCfg = Release|Any CPU
		{42F7901B-598D-4D92-9ACC-162AD9C9EF98}.Release|Any CPU.Build.0 = Release|Any CPU
	EndGlobalSection
	GlobalSection(SolutionProperties) = preSolution
		HideSolutionNode = FALSE
	EndGlobalSection
	GlobalSection(ExtensibilityGlobals) = postSolution
		SolutionGuid = {FB493467-111A-4DC3-8C05-4DBF1106BB06}
	EndGlobalSection
EndGlobal
